
Microsoft Visual Studio Solution File, Format Version 12.00
# Visual Studio Version 17
VisualStudioVersion = 17.5.002.0
MinimumVisualStudioVersion = 10.0.40219.1
Project("{9A19103F-16F7-4668-BE54-9A1E7A4F7556}") = "Multiplicando", "Multiplicando\Multiplicando.csproj", "{45FA479C-609D-4013-A0AB-87F5B044767D}"
EndProject
Project("{9A19103F-16F7-4668-BE54-9A1E7A4F7556}") = "PrimeiroPrograma", "PrimeiroPrograma\PrimeiroPrograma.csproj", "{7DF2AE0A-F1BC-4B3C-A8CE-D3C5E9F25FD3}"
EndProject
Global
	GlobalSection(SolutionConfigurationPlatforms) = preSolution
		Debug|Any CPU = Debug|Any CPU
		Release|Any CPU = Release|Any CPU
	EndGlobalSection
	GlobalSection(ProjectConfigurationPlatforms) = postSolution
		{45FA479C-609D-4013-A0AB-87F5B044767D}.Debug|Any CPU.ActiveCfg = Debug|Any CPU
		{45FA479C-609D-4013-A0AB-87F5B044767D}.Debug|Any CPU.Build.0 = Debug|Any CPU
		{45FA479C-609D-4013-A0AB-87F5B044767D}.Release|Any CPU.ActiveCfg = Release|Any CPU
		{45FA479C-609D-4013-A0AB-87F5B044767D}.Release|Any CPU.Build.0 = Release|Any CPU
		{7DF2AE0A-F1BC-4B3C-A8CE-D3C5E9F25FD3}.Debug|Any CPU.ActiveCfg = Debug|Any CPU
		{7DF2AE0A-F1BC-4B3C-A8CE-D3C5E9F25FD3}.Debug|Any CPU.Build.0 = Debug|Any CPU
		{7DF2AE0A-F1BC-4B3C-A8CE-D3C5E9F25FD3}.Release|Any CPU.ActiveCfg = Release|Any CPU
		{7DF2AE0A-F1BC-4B3C-A8CE-D3C5E9F25FD3}.Release|Any CPU.Build.0 = Release|Any CPU
	EndGlobalSection
	GlobalSection(SolutionProperties) = preSolution
		HideSolutionNode = FALSE
	EndGlobalSection
	GlobalSection(ExtensibilityGlobals) = postSolution
		SolutionGuid = {D8F21591-D431-4D34-B651-1E2C6277273E}
	EndGlobalSection
EndGlobal
