
Microsoft Visual Studio Solution File, Format Version 12.00
# Visual Studio Version 17
VisualStudioVersion = 17.8.34408.163
MinimumVisualStudioVersion = 10.0.40219.1
Project("{FAE04EC0-301F-11D3-BF4B-00C04F79EFBC}") = "IniciandoEstudos", "IniciandoEstudos\IniciandoEstudos.csproj", "{4420D2EC-87F5-4F9B-B0A4-D1AF1E98EE10}"
EndProject
Global
	GlobalSection(SolutionConfigurationPlatforms) = preSolution
		Debug|Any CPU = Debug|Any CPU
		Release|Any CPU = Release|Any CPU
	EndGlobalSection
	GlobalSection(ProjectConfigurationPlatforms) = postSolution
		{4420D2EC-87F5-4F9B-B0A4-D1AF1E98EE10}.Debug|Any CPU.ActiveCfg = Debug|Any CPU
		{4420D2EC-87F5-4F9B-B0A4-D1AF1E98EE10}.Debug|Any CPU.Build.0 = Debug|Any CPU
		{4420D2EC-87F5-4F9B-B0A4-D1AF1E98EE10}.Release|Any CPU.ActiveCfg = Release|Any CPU
		{4420D2EC-87F5-4F9B-B0A4-D1AF1E98EE10}.Release|Any CPU.Build.0 = Release|Any CPU
	EndGlobalSection
	GlobalSection(SolutionProperties) = preSolution
		HideSolutionNode = FALSE
	EndGlobalSection
	GlobalSection(ExtensibilityGlobals) = postSolution
		SolutionGuid = {5EF181BA-5984-42BE-9E83-DBFF09E7EA54}
	EndGlobalSection
EndGlobal
